
Microsoft Visual Studio Solution File, Format Version 12.00
# Visual Studio Version 16
VisualStudioVersion = 16.0.28803.452
MinimumVisualStudioVersion = 10.0.40219.1
Project("{FAE04EC0-301F-11D3-BF4B-00C04F79EFBC}") = "RazorPagesMovie", "RazorPagesMovie\RazorPagesMovie.csproj", "{4A7A6CB2-6B72-4844-8754-805C4451E7E2}"
EndProject
Global
	GlobalSection(SolutionConfigurationPlatforms) = preSolution
		Debug|Any CPU = Debug|Any CPU
		Release|Any CPU = Release|Any CPU
	EndGlobalSection
	GlobalSection(ProjectConfigurationPlatforms) = postSolution
		{4A7A6CB2-6B72-4844-8754-805C4451E7E2}.Debug|Any CPU.ActiveCfg = Debug|Any CPU
		{4A7A6CB2-6B72-4844-8754-805C4451E7E2}.Debug|Any CPU.Build.0 = Debug|Any CPU
		{4A7A6CB2-6B72-4844-8754-805C4451E7E2}.Release|Any CPU.ActiveCfg = Release|Any CPU
		{4A7A6CB2-6B72-4844-8754-805C4451E7E2}.Release|Any CPU.Build.0 = Release|Any CPU
	EndGlobalSection
	GlobalSection(SolutionProperties) = preSolution
		HideSolutionNode = FALSE
	EndGlobalSection
	GlobalSection(ExtensibilityGlobals) = postSolution
		SolutionGuid = {C979E717-6EE6-4BBB-AD62-283BFBD91929}
	EndGlobalSection
EndGlobal
