
Microsoft Visual Studio Solution File, Format Version 12.00
# Visual Studio Version 16
VisualStudioVersion = 16.0.30320.27
MinimumVisualStudioVersion = 10.0.40219.1
Project("{9A19103F-16F7-4668-BE54-9A1E7A4F7556}") = "RazorPagesMovie", "RazorPagesMovie.csproj", "{76BA1467-6D7D-4EDF-96DA-D9F829EEDD38}"
EndProject
Global
	GlobalSection(SolutionConfigurationPlatforms) = preSolution
		Debug|Any CPU = Debug|Any CPU
		Release|Any CPU = Release|Any CPU
	EndGlobalSection
	GlobalSection(ProjectConfigurationPlatforms) = postSolution
		{76BA1467-6D7D-4EDF-96DA-D9F829EEDD38}.Debug|Any CPU.ActiveCfg = Debug|Any CPU
		{76BA1467-6D7D-4EDF-96DA-D9F829EEDD38}.Debug|Any CPU.Build.0 = Debug|Any CPU
		{76BA1467-6D7D-4EDF-96DA-D9F829EEDD38}.Release|Any CPU.ActiveCfg = Release|Any CPU
		{76BA1467-6D7D-4EDF-96DA-D9F829EEDD38}.Release|Any CPU.Build.0 = Release|Any CPU
	EndGlobalSection
	GlobalSection(SolutionProperties) = preSolution
		HideSolutionNode = FALSE
	EndGlobalSection
	GlobalSection(ExtensibilityGlobals) = postSolution
		SolutionGuid = {09C63E4B-5F21-4ABA-A8CC-9A8EC7910B4F}
	EndGlobalSection
EndGlobal
